
Microsoft Visual Studio Solution File, Format Version 12.00
# Visual Studio Version 17
VisualStudioVersion = 17.0.31912.275
MinimumVisualStudioVersion = 10.0.40219.1
Project("{8BC9CEB8-8B4A-11D0-8D11-00A0C91BC942}") = "Exercise_01", "Exercise_01\Exercise_01.vcxproj", "{E3EC4230-32BF-4905-80FF-1F1DED04501D}"
EndProject
Project("{8BC9CEB8-8B4A-11D0-8D11-00A0C91BC942}") = "Exercise_03", "Exercise_03\Exercise_03.vcxproj", "{0A070232-863D-4394-94EB-EBF0EFD3B233}"
EndProject
Project("{8BC9CEB8-8B4A-11D0-8D11-00A0C91BC942}") = "Exercise_02", "Exercise_02\Exercise_02.vcxproj", "{52292624-FA82-4400-88B1-27095929F20A}"
EndProject
Project("{8BC9CEB8-8B4A-11D0-8D11-00A0C91BC942}") = "Exercise_04", "Exercise_04\Exercise_04.vcxproj", "{BDE64D7F-9E3B-40D6-8B0D-FBD0A65C0F46}"
EndProject
Project("{8BC9CEB8-8B4A-11D0-8D11-00A0C91BC942}") = "Exercise_05", "Exercise_05\Exercise_05.vcxproj", "{F1BE50C1-24F8-4398-98EE-2DD3E86751A3}"
EndProject
Project("{8BC9CEB8-8B4A-11D0-8D11-00A0C91BC942}") = "Exercise_06", "Exercise_06\Exercise_06.vcxproj", "{145A2D6F-FC62-4E1F-8545-F6E3AAC31807}"
EndProject
Global
	GlobalSection(SolutionConfigurationPlatforms) = preSolution
		Debug|x64 = Debug|x64
		Debug|x86 = Debug|x86
		Release|x64 = Release|x64
		Release|x86 = Release|x86
	EndGlobalSection
	GlobalSection(ProjectConfigurationPlatforms) = postSolution
		{E3EC4230-32BF-4905-80FF-1F1DED04501D}.Debug|x64.ActiveCfg = Debug|x64
		{E3EC4230-32BF-4905-80FF-1F1DED04501D}.Debug|x64.Build.0 = Debug|x64
		{E3EC4230-32BF-4905-80FF-1F1DED04501D}.Debug|x86.ActiveCfg = Debug|Win32
		{E3EC4230-32BF-4905-80FF-1F1DED04501D}.Debug|x86.Build.0 = Debug|Win32
		{E3EC4230-32BF-4905-80FF-1F1DED04501D}.Release|x64.ActiveCfg = Release|x64
		{E3EC4230-32BF-4905-80FF-1F1DED04501D}.Release|x64.Build.0 = Release|x64
		{E3EC4230-32BF-4905-80FF-1F1DED04501D}.Release|x86.ActiveCfg = Release|Win32
		{E3EC4230-32BF-4905-80FF-1F1DED04501D}.Release|x86.Build.0 = Release|Win32
		{0A070232-863D-4394-94EB-EBF0EFD3B233}.Debug|x64.ActiveCfg = Debug|x64
		{0A070232-863D-4394-94EB-EBF0EFD3B233}.Debug|x64.Build.0 = Debug|x64
		{0A070232-863D-4394-94EB-EBF0EFD3B233}.Debug|x86.ActiveCfg = Debug|Win32
		{0A070232-863D-4394-94EB-EBF0EFD3B233}.Debug|x86.Build.0 = Debug|Win32
		{0A070232-863D-4394-94EB-EBF0EFD3B233}.Release|x64.ActiveCfg = Release|x64
		{0A070232-863D-4394-94EB-EBF0EFD3B233}.Release|x64.Build.0 = Release|x64
		{0A070232-863D-4394-94EB-EBF0EFD3B233}.Release|x86.ActiveCfg = Release|Win32
		{0A070232-863D-4394-94EB-EBF0EFD3B233}.Release|x86.Build.0 = Release|Win32
		{52292624-FA82-4400-88B1-27095929F20A}.Debug|x64.ActiveCfg = Debug|x64
		{52292624-FA82-4400-88B1-27095929F20A}.Debug|x64.Build.0 = Debug|x64
		{52292624-FA82-4400-88B1-27095929F20A}.Debug|x86.ActiveCfg = Debug|Win32
		{52292624-FA82-4400-88B1-27095929F20A}.Debug|x86.Build.0 = Debug|Win32
		{52292624-FA82-4400-88B1-27095929F20A}.Release|x64.ActiveCfg = Release|x64
		{52292624-FA82-4400-88B1-27095929F20A}.Release|x64.Build.0 = Release|x64
		{52292624-FA82-4400-88B1-27095929F20A}.Release|x86.ActiveCfg = Release|Win32
		{52292624-FA82-4400-88B1-27095929F20A}.Release|x86.Build.0 = Release|Win32
		{BDE64D7F-9E3B-40D6-8B0D-FBD0A65C0F46}.Debug|x64.ActiveCfg = Debug|x64
		{BDE64D7F-9E3B-40D6-8B0D-FBD0A65C0F46}.Debug|x64.Build.0 = Debug|x64
		{BDE64D7F-9E3B-40D6-8B0D-FBD0A65C0F46}.Debug|x86.ActiveCfg = Debug|Win32
		{BDE64D7F-9E3B-40D6-8B0D-FBD0A65C0F46}.Debug|x86.Build.0 = Debug|Win32
		{BDE64D7F-9E3B-40D6-8B0D-FBD0A65C0F46}.Release|x64.ActiveCfg = Release|x64
		{BDE64D7F-9E3B-40D6-8B0D-FBD0A65C0F46}.Release|x64.Build.0 = Release|x64
		{BDE64D7F-9E3B-40D6-8B0D-FBD0A65C0F46}.Release|x86.ActiveCfg = Release|Win32
		{BDE64D7F-9E3B-40D6-8B0D-FBD0A65C0F46}.Release|x86.Build.0 = Release|Win32
		{F1BE50C1-24F8-4398-98EE-2DD3E86751A3}.Debug|x64.ActiveCfg = Debug|x64
		{F1BE50C1-24F8-4398-98EE-2DD3E86751A3}.Debug|x64.Build.0 = Debug|x64
		{F1BE50C1-24F8-4398-98EE-2DD3E86751A3}.Debug|x86.ActiveCfg = Debug|Win32
		{F1BE50C1-24F8-4398-98EE-2DD3E86751A3}.Debug|x86.Build.0 = Debug|Win32
		{F1BE50C1-24F8-4398-98EE-2DD3E86751A3}.Release|x64.ActiveCfg = Release|x64
		{F1BE50C1-24F8-4398-98EE-2DD3E86751A3}.Release|x64.Build.0 = Release|x64
		{F1BE50C1-24F8-4398-98EE-2DD3E86751A3}.Release|x86.ActiveCfg = Release|Win32
		{F1BE50C1-24F8-4398-98EE-2DD3E86751A3}.Release|x86.Build.0 = Release|Win32
		{145A2D6F-FC62-4E1F-8545-F6E3AAC31807}.Debug|x64.ActiveCfg = Debug|x64
		{145A2D6F-FC62-4E1F-8545-F6E3AAC31807}.Debug|x64.Build.0 = Debug|x64
		{145A2D6F-FC62-4E1F-8545-F6E3AAC31807}.Debug|x86.ActiveCfg = Debug|Win32
		{145A2D6F-FC62-4E1F-8545-F6E3AAC31807}.Debug|x86.Build.0 = Debug|Win32
		{145A2D6F-FC62-4E1F-8545-F6E3AAC31807}.Release|x64.ActiveCfg = Release|x64
		{145A2D6F-FC62-4E1F-8545-F6E3AAC31807}.Release|x64.Build.0 = Release|x64
		{145A2D6F-FC62-4E1F-8545-F6E3AAC31807}.Release|x86.ActiveCfg = Release|Win32
		{145A2D6F-FC62-4E1F-8545-F6E3AAC31807}.Release|x86.Build.0 = Release|Win32
	EndGlobalSection
	GlobalSection(SolutionProperties) = preSolution
		HideSolutionNode = FALSE
	EndGlobalSection
	GlobalSection(ExtensibilityGlobals) = postSolution
		SolutionGuid = {BDD45526-FCAC-4DAD-8662-86ABA58DE9C3}
	EndGlobalSection
EndGlobal
